// !$*UTF8*$!
{
	archiveVersion = 1;
	classes = {
	};
	objectVersion = 77;
	objects = {

/* Begin PBXContainerItemProxy section */
		798CE8D42D8B769C00C3F81F /* PBXContainerItemProxy */ = {
			isa = PBXContainerItemProxy;
			containerPortal = 798CE8B62D8B769B00C3F81F /* Project object */;
			proxyType = 1;
			remoteGlobalIDString = 798CE8BD2D8B769B00C3F81F;
			remoteInfo = ARkitCube;
		};
		798CE8DE2D8B769C00C3F81F /* PBXContainerItemProxy */ = {
			isa = PBXContainerItemProxy;
			containerPortal = 798CE8B62D8B769B00C3F81F /* Project object */;
			proxyType = 1;
			remoteGlobalIDString = 798CE8BD2D8B769B00C3F81F;
			remoteInfo = ARkitCube;
		};
/* End PBXContainerItemProxy section */

/* Begin PBXFileReference section */
		798CE8BE2D8B769B00C3F81F /* ARkitCube.app */ = {isa = PBXFileReference; explicitFileType = wrapper.application; includeInIndex = 0; path = ARkitCube.app; sourceTree = BUILT_PRODUCTS_DIR; };
		798CE8D32D8B769C00C3F81F /* ARkitCubeTests.xctest */ = {isa = PBXFileReference; explicitFileType = wrapper.cfbundle; includeInIndex = 0; path = ARkitCubeTests.xctest; sourceTree = BUILT_PRODUCTS_DIR; };
		798CE8DD2D8B769C00C3F81F /* ARkitCubeUITests.xctest */ = {isa = PBXFileReference; explicitFileType = wrapper.cfbundle; includeInIndex = 0; path = ARkitCubeUITests.xctest; sourceTree = BUILT_PRODUCTS_DIR; };
/* End PBXFileReference section */

/* Begin PBXFileSystemSynchronizedRootGroup section */
		798CE8C02D8B769B00C3F81F /* ARkitCube */ = {
			isa = PBXFileSystemSynchronizedRootGroup;
			path = ARkitCube;
			sourceTree = "<group>";
		};
		798CE8D62D8B769C00C3F81F /* ARkitCubeTests */ = {
			isa = PBXFileSystemSynchronizedRootGroup;
			path = ARkitCubeTests;
			sourceTree = "<group>";
		};
		798CE8E02D8B769C00C3F81F /* ARkitCubeUITests */ = {
			isa = PBXFileSystemSynchronizedRootGroup;
			path = ARkitCubeUITests;
			sourceTree = "<group>";
		};
/* End PBXFileSystemSynchronizedRootGroup section */

/* Begin PBXFrameworksBuildPhase section */
		798CE8BB2D8B769B00C3F81F /* Frameworks */ = {
			isa = PBXFrameworksBuildPhase;
			buildActionMask = 2147483647;
			files = (
			);
			runOnlyForDeploymentPostprocessing = 0;
		};
		798CE8D02D8B769C00C3F81F /* Frameworks */ = {
			isa = PBXFrameworksBuildPhase;
			buildActionMask = 2147483647;
			files = (
			);
			runOnlyForDeploymentPostprocessing = 0;
		};
		798CE8DA2D8B769C00C3F81F /* Frameworks */ = {
			isa = PBXFrameworksBuildPhase;
			buildActionMask = 2147483647;
			files = (
			);
			runOnlyForDeploymentPostprocessing = 0;
		};
/* End PBXFrameworksBuildPhase section */

/* Begin PBXGroup section */
		798CE8B52D8B769B00C3F81F = {
			isa = PBXGroup;
			children = (
				798CE8C02D8B769B00C3F81F /* ARkitCube */,
				798CE8D62D8B769C00C3F81F /* ARkitCubeTests */,
				798CE8E02D8B769C00C3F81F /* ARkitCubeUITests */,
				798CE8BF2D8B769B00C3F81F /* Products */,
			);
			sourceTree = "<group>";
		};
		798CE8BF2D8B769B00C3F81F /* Products */ = {
			isa = PBXGroup;
			children = (
				798CE8BE2D8B769B00C3F81F /* ARkitCube.app */,
				798CE8D32D8B769C00C3F81F /* ARkitCubeTests.xctest */,
				798CE8DD2D8B769C00C3F81F /* ARkitCubeUITests.xctest */,
			);
			name = Products;
			sourceTree = "<group>";
		};
/* End PBXGroup section */

/* Begin PBXNativeTarget section */
		798CE8BD2D8B769B00C3F81F /* ARkitCube */ = {
			isa = PBXNativeTarget;
			buildConfigurationList = 798CE8E72D8B769C00C3F81F /* Build configuration list for PBXNativeTarget "ARkitCube" */;
			buildPhases = (
				798CE8BA2D8B769B00C3F81F /* Sources */,
				798CE8BB2D8B769B00C3F81F /* Frameworks */,
				798CE8BC2D8B769B00C3F81F /* Resources */,
			);
			buildRules = (
			);
			dependencies = (
			);
			fileSystemSynchronizedGroups = (
				798CE8C02D8B769B00C3F81F /* ARkitCube */,
			);
			name = ARkitCube;
			packageProductDependencies = (
			);
			productName = ARkitCube;
			productReference = 798CE8BE2D8B769B00C3F81F /* ARkitCube.app */;
			productType = "com.apple.product-type.application";
		};
		798CE8D22D8B769C00C3F81F /* ARkitCubeTests */ = {
			isa = PBXNativeTarget;
			buildConfigurationList = 798CE8EA2D8B769C00C3F81F /* Build configuration list for PBXNativeTarget "ARkitCubeTests" */;
			buildPhases = (
				798CE8CF2D8B769C00C3F81F /* Sources */,
				798CE8D02D8B769C00C3F81F /* Frameworks */,
				798CE8D12D8B769C00C3F81F /* Resources */,
			);
			buildRules = (
			);
			dependencies = (
				798CE8D52D8B769C00C3F81F /* PBXTargetDependency */,
			);
			fileSystemSynchronizedGroups = (
				798CE8D62D8B769C00C3F81F /* ARkitCubeTests */,
			);
			name = ARkitCubeTests;
			packageProductDependencies = (
			);
			productName = ARkitCubeTests;
			productReference = 798CE8D32D8B769C00C3F81F /* ARkitCubeTests.xctest */;
			productType = "com.apple.product-type.bundle.unit-test";
		};
		798CE8DC2D8B769C00C3F81F /* ARkitCubeUITests */ = {
			isa = PBXNativeTarget;
			buildConfigurationList = 798CE8ED2D8B769C00C3F81F /* Build configuration list for PBXNativeTarget "ARkitCubeUITests" */;
			buildPhases = (
				798CE8D92D8B769C00C3F81F /* Sources */,
				798CE8DA2D8B769C00C3F81F /* Frameworks */,
				798CE8DB2D8B769C00C3F81F /* Resources */,
			);
			buildRules = (
			);
			dependencies = (
				798CE8DF2D8B769C00C3F81F /* PBXTargetDependency */,
			);
			fileSystemSynchronizedGroups = (
				798CE8E02D8B769C00C3F81F /* ARkitCubeUITests */,
			);
			name = ARkitCubeUITests;
			packageProductDependencies = (
			);
			productName = ARkitCubeUITests;
			productReference = 798CE8DD2D8B769C00C3F81F /* ARkitCubeUITests.xctest */;
			productType = "com.apple.product-type.bundle.ui-testing";
		};
/* End PBXNativeTarget section */

/* Begin PBXProject section */
		798CE8B62D8B769B00C3F81F /* Project object */ = {
			isa = PBXProject;
			attributes = {
				BuildIndependentTargetsInParallel = 1;
				LastSwiftUpdateCheck = 1620;
				LastUpgradeCheck = 1620;
				TargetAttributes = {
					798CE8BD2D8B769B00C3F81F = {
						CreatedOnToolsVersion = 16.2;
					};
					798CE8D22D8B769C00C3F81F = {
						CreatedOnToolsVersion = 16.2;
						TestTargetID = 798CE8BD2D8B769B00C3F81F;
					};
					798CE8DC2D8B769C00C3F81F = {
						CreatedOnToolsVersion = 16.2;
						TestTargetID = 798CE8BD2D8B769B00C3F81F;
					};
				};
			};
			buildConfigurationList = 798CE8B92D8B769B00C3F81F /* Build configuration list for PBXProject "ARkitCube" */;
			developmentRegion = en;
			hasScannedForEncodings = 0;
			knownRegions = (
				en,
				Base,
			);
			mainGroup = 798CE8B52D8B769B00C3F81F;
			minimizedProjectReferenceProxies = 1;
			preferredProjectObjectVersion = 77;
			productRefGroup = 798CE8BF2D8B769B00C3F81F /* Products */;
			projectDirPath = "";
			projectRoot = "";
			targets = (
				798CE8BD2D8B769B00C3F81F /* ARkitCube */,
				798CE8D22D8B769C00C3F81F /* ARkitCubeTests */,
				798CE8DC2D8B769C00C3F81F /* ARkitCubeUITests */,
			);
		};
/* End PBXProject section */

/* Begin PBXResourcesBuildPhase section */
		798CE8BC2D8B769B00C3F81F /* Resources */ = {
			isa = PBXResourcesBuildPhase;
			buildActionMask = 2147483647;
			files = (
			);
			runOnlyForDeploymentPostprocessing = 0;
		};
		798CE8D12D8B769C00C3F81F /* Resources */ = {
			isa = PBXResourcesBuildPhase;
			buildActionMask = 2147483647;
			files = (
			);
			runOnlyForDeploymentPostprocessing = 0;
		};
		798CE8DB2D8B769C00C3F81F /* Resources */ = {
			isa = PBXResourcesBuildPhase;
			buildActionMask = 2147483647;
			files = (
			);
			runOnlyForDeploymentPostprocessing = 0;
		};
/* End PBXResourcesBuildPhase section */

/* Begin PBXSourcesBuildPhase section */
		798CE8BA2D8B769B00C3F81F /* Sources */ = {
			isa = PBXSourcesBuildPhase;
			buildActionMask = 2147483647;
			files = (
			);
			runOnlyForDeploymentPostprocessing = 0;
		};
		798CE8CF2D8B769C00C3F81F /* Sources */ = {
			isa = PBXSourcesBuildPhase;
			buildActionMask = 2147483647;
			files = (
			);
			runOnlyForDeploymentPostprocessing = 0;
		};
		798CE8D92D8B769C00C3F81F /* Sources */ = {
			isa = PBXSourcesBuildPhase;
			buildActionMask = 2147483647;
			files = (
			);
			runOnlyForDeploymentPostprocessing = 0;
		};
/* End PBXSourcesBuildPhase section */

/* Begin PBXTargetDependency section */
		798CE8D52D8B769C00C3F81F /* PBXTargetDependency */ = {
			isa = PBXTargetDependency;
			target = 798CE8BD2D8B769B00C3F81F /* ARkitCube */;
			targetProxy = 798CE8D42D8B769C00C3F81F /* PBXContainerItemProxy */;
		};
		798CE8DF2D8B769C00C3F81F /* PBXTargetDependency */ = {
			isa = PBXTargetDependency;
			target = 798CE8BD2D8B769B00C3F81F /* ARkitCube */;
			targetProxy = 798CE8DE2D8B769C00C3F81F /* PBXContainerItemProxy */;
		};
/* End PBXTargetDependency section */

/* Begin XCBuildConfiguration section */
		798CE8E52D8B769C00C3F81F /* Debug */ = {
			isa = XCBuildConfiguration;
			buildSettings = {
				ALWAYS_SEARCH_USER_PATHS = NO;
				ASSETCATALOG_COMPILER_GENERATE_SWIFT_ASSET_SYMBOL_EXTENSIONS = YES;
				CLANG_ANALYZER_NONNULL = YES;
				CLANG_ANALYZER_NUMBER_OBJECT_CONVERSION = YES_AGGRESSIVE;
				CLANG_CXX_LANGUAGE_STANDARD = "gnu++20";
				CLANG_ENABLE_MODULES = YES;
				CLANG_ENABLE_OBJC_ARC = YES;
				CLANG_ENABLE_OBJC_WEAK = YES;
				CLANG_WARN_BLOCK_CAPTURE_AUTORELEASING = YES;
				CLANG_WARN_BOOL_CONVERSION = YES;
				CLANG_WARN_COMMA = YES;
				CLANG_WARN_CONSTANT_CONVERSION = YES;
				CLANG_WARN_DEPRECATED_OBJC_IMPLEMENTATIONS = YES;
				CLANG_WARN_DIRECT_OBJC_ISA_USAGE = YES_ERROR;
				CLANG_WARN_DOCUMENTATION_COMMENTS = YES;
				CLANG_WARN_EMPTY_BODY = YES;
				CLANG_WARN_ENUM_CONVERSION = YES;
				CLANG_WARN_INFINITE_RECURSION = YES;
				CLANG_WARN_INT_CONVERSION = YES;
				CLANG_WARN_NON_LITERAL_NULL_CONVERSION = YES;
				CLANG_WARN_OBJC_IMPLICIT_RETAIN_SELF = YES;
				CLANG_WARN_OBJC_LITERAL_CONVERSION = YES;
				CLANG_WARN_OBJC_ROOT_CLASS = YES_ERROR;
				CLANG_WARN_QUOTED_INCLUDE_IN_FRAMEWORK_HEADER = YES;
				CLANG_WARN_RANGE_LOOP_ANALYSIS = YES;
				CLANG_WARN_STRICT_PROTOTYPES = YES;
				CLANG_WARN_SUSPICIOUS_MOVE = YES;
				CLANG_WARN_UNGUARDED_AVAILABILITY = YES_AGGRESSIVE;
				CLANG_WARN_UNREACHABLE_CODE = YES;
				CLANG_WARN__DUPLICATE_METHOD_MATCH = YES;
				COPY_PHASE_STRIP = NO;
				DEBUG_INFORMATION_FORMAT = dwarf;
				ENABLE_STRICT_OBJC_MSGSEND = YES;
				ENABLE_TESTABILITY = YES;
				ENABLE_USER_SCRIPT_SANDBOXING = YES;
				GCC_C_LANGUAGE_STANDARD = gnu17;
				GCC_DYNAMIC_NO_PIC = NO;
				GCC_NO_COMMON_BLOCKS = YES;
				GCC_OPTIMIZATION_LEVEL = 0;
				GCC_PREPROCESSOR_DEFINITIONS = (
					"DEBUG=1",
					"$(inherited)",
				);
				GCC_WARN_64_TO_32_BIT_CONVERSION = YES;
				GCC_WARN_ABOUT_RETURN_TYPE = YES_ERROR;
				GCC_WARN_UNDECLARED_SELECTOR = YES;
				GCC_WARN_UNINITIALIZED_AUTOS = YES_AGGRESSIVE;
				GCC_WARN_UNUSED_FUNCTION = YES;
				GCC_WARN_UNUSED_VARIABLE = YES;
				IPHONEOS_DEPLOYMENT_TARGET = 18.2;
				LOCALIZATION_PREFERS_STRING_CATALOGS = YES;
				MTL_ENABLE_DEBUG_INFO = INCLUDE_SOURCE;
				MTL_FAST_MATH = YES;
				ONLY_ACTIVE_ARCH = YES;
				SDKROOT = iphoneos;
				SWIFT_ACTIVE_COMPILATION_CONDITIONS = "DEBUG $(inherited)";
				SWIFT_OPTIMIZATION_LEVEL = "-Onone";
			};
			name = Debug;
		};
		798CE8E62D8B769C00C3F81F /* Release */ = {
			isa = XCBuildConfiguration;
			buildSettings = {
				ALWAYS_SEARCH_USER_PATHS = NO;
				ASSETCATALOG_COMPILER_GENERATE_SWIFT_ASSET_SYMBOL_EXTENSIONS = YES;
				CLANG_ANALYZER_NONNULL = YES;
				CLANG_ANALYZER_NUMBER_OBJECT_CONVERSION = YES_AGGRESSIVE;
				CLANG_CXX_LANGUAGE_STANDARD = "gnu++20";
				CLANG_ENABLE_MODULES = YES;
				CLANG_ENABLE_OBJC_ARC = YES;
				CLANG_ENABLE_OBJC_WEAK = YES;
				CLANG_WARN_BLOCK_CAPTURE_AUTORELEASING = YES;
				CLANG_WARN_BOOL_CONVERSION = YES;
				CLANG_WARN_COMMA = YES;
				CLANG_WARN_CONSTANT_CONVERSION = YES;
				CLANG_WARN_DEPRECATED_OBJC_IMPLEMENTATIONS = YES;
				CLANG_WARN_DIRECT_OBJC_ISA_USAGE = YES_ERROR;
				CLANG_WARN_DOCUMENTATION_COMMENTS = YES;
				CLANG_WARN_EMPTY_BODY = YES;
				CLANG_WARN_ENUM_CONVERSION = YES;
				CLANG_WARN_INFINITE_RECURSION = YES;
				CLANG_WARN_INT_CONVERSION = YES;
				CLANG_WARN_NON_LITERAL_NULL_CONVERSION = YES;
				CLANG_WARN_OBJC_IMPLICIT_RETAIN_SELF = YES;
				CLANG_WARN_OBJC_LITERAL_CONVERSION = YES;
				CLANG_WARN_OBJC_ROOT_CLASS = YES_ERROR;
				CLANG_WARN_QUOTED_INCLUDE_IN_FRAMEWORK_HEADER = YES;
				CLANG_WARN_RANGE_LOOP_ANALYSIS = YES;
				CLANG_WARN_STRICT_PROTOTYPES = YES;
				CLANG_WARN_SUSPICIOUS_MOVE = YES;
				CLANG_WARN_UNGUARDED_AVAILABILITY = YES_AGGRESSIVE;
				CLANG_WARN_UNREACHABLE_CODE = YES;
				CLANG_WARN__DUPLICATE_METHOD_MATCH = YES;
				COPY_PHASE_STRIP = NO;
				DEBUG_INFORMATION_FORMAT = "dwarf-with-dsym";
				ENABLE_NS_ASSERTIONS = NO;
				ENABLE_STRICT_OBJC_MSGSEND = YES;
				ENABLE_USER_SCRIPT_SANDBOXING = YES;
				GCC_C_LANGUAGE_STANDARD = gnu17;
				GCC_NO_COMMON_BLOCKS = YES;
				GCC_WARN_64_TO_32_BIT_CONVERSION = YES;
				GCC_WARN_ABOUT_RETURN_TYPE = YES_ERROR;
				GCC_WARN_UNDECLARED_SELECTOR = YES;
				GCC_WARN_UNINITIALIZED_AUTOS = YES_AGGRESSIVE;
				GCC_WARN_UNUSED_FUNCTION = YES;
				GCC_WARN_UNUSED_VARIABLE = YES;
				IPHONEOS_DEPLOYMENT_TARGET = 18.2;
				LOCALIZATION_PREFERS_STRING_CATALOGS = YES;
				MTL_ENABLE_DEBUG_INFO = NO;
				MTL_FAST_MATH = YES;
				SDKROOT = iphoneos;
				SWIFT_COMPILATION_MODE = wholemodule;
				VALIDATE_PRODUCT = YES;
			};
			name = Release;
		};
		798CE8E82D8B769C00C3F81F /* Debug */ = {
			isa = XCBuildConfiguration;
			buildSettings = {
				ASSETCATALOG_COMPILER_APPICON_NAME = AppIcon;
				ASSETCATALOG_COMPILER_GLOBAL_ACCENT_COLOR_NAME = AccentColor;
				CODE_SIGN_STYLE = Automatic;
				CURRENT_PROJECT_VERSION = 1;
				GENERATE_INFOPLIST_FILE = YES;
				INFOPLIST_KEY_NSCameraUsageDescription = "";
				INFOPLIST_KEY_UIApplicationSupportsIndirectInputEvents = YES;
				INFOPLIST_KEY_UILaunchStoryboardName = LaunchScreen;
				INFOPLIST_KEY_UIMainStoryboardFile = Main;
				INFOPLIST_KEY_UIRequiredDeviceCapabilities = arkit;
				INFOPLIST_KEY_UIStatusBarHidden = YES;
				INFOPLIST_KEY_UISupportedInterfaceOrientations_iPad = "UIInterfaceOrientationPortrait UIInterfaceOrientationPortraitUpsideDown UIInterfaceOrientationLandscapeLeft UIInterfaceOrientationLandscapeRight";
				INFOPLIST_KEY_UISupportedInterfaceOrientations_iPhone = "UIInterfaceOrientationPortrait UIInterfaceOrientationLandscapeLeft UIInterfaceOrientationLandscapeRight";
				LD_RUNPATH_SEARCH_PATHS = (
					"$(inherited)",
					"@executable_path/Frameworks",
				);
				MARKETING_VERSION = 1.0;
				PRODUCT_BUNDLE_IDENTIFIER = com.ByteGalleyAR.ARkitCube;
				PRODUCT_NAME = "$(TARGET_NAME)";
				SWIFT_EMIT_LOC_STRINGS = YES;
				SWIFT_VERSION = 5.0;
				TARGETED_DEVICE_FAMILY = "1,2";
			};
			name = Debug;
		};
		798CE8E92D8B769C00C3F81F /* Release */ = {
			isa = XCBuildConfiguration;
			buildSettings = {
				ASSETCATALOG_COMPILER_APPICON_NAME = AppIcon;
				ASSETCATALOG_COMPILER_GLOBAL_ACCENT_COLOR_NAME = AccentColor;
				CODE_SIGN_STYLE = Automatic;
				CURRENT_PROJECT_VERSION = 1;
				GENERATE_INFOPLIST_FILE = YES;
				INFOPLIST_KEY_NSCameraUsageDescription = "";
				INFOPLIST_KEY_UIApplicationSupportsIndirectInputEvents = YES;
				INFOPLIST_KEY_UILaunchStoryboardName = LaunchScreen;
				INFOPLIST_KEY_UIMainStoryboardFile = Main;
				INFOPLIST_KEY_UIRequiredDeviceCapabilities = arkit;
				INFOPLIST_KEY_UIStatusBarHidden = YES;
				INFOPLIST_KEY_UISupportedInterfaceOrientations_iPad = "UIInterfaceOrientationPortrait UIInterfaceOrientationPortraitUpsideDown UIInterfaceOrientationLandscapeLeft UIInterfaceOrientationLandscapeRight";
				INFOPLIST_KEY_UISupportedInterfaceOrientations_iPhone = "UIInterfaceOrientationPortrait UIInterfaceOrientationLandscapeLeft UIInterfaceOrientationLandscapeRight";
				LD_RUNPATH_SEARCH_PATHS = (
					"$(inherited)",
					"@executable_path/Frameworks",
				);
				MARKETING_VERSION = 1.0;
				PRODUCT_BUNDLE_IDENTIFIER = com.ByteGalleyAR.ARkitCube;
				PRODUCT_NAME = "$(TARGET_NAME)";
				SWIFT_EMIT_LOC_STRINGS = YES;
				SWIFT_VERSION = 5.0;
				TARGETED_DEVICE_FAMILY = "1,2";
			};
			name = Release;
		};
		798CE8EB2D8B769C00C3F81F /* Debug */ = {
			isa = XCBuildConfiguration;
			buildSettings = {
				BUNDLE_LOADER = "$(TEST_HOST)";
				CODE_SIGN_STYLE = Automatic;
				CURRENT_PROJECT_VERSION = 1;
				GENERATE_INFOPLIST_FILE = YES;
				IPHONEOS_DEPLOYMENT_TARGET = 18.2;
				MARKETING_VERSION = 1.0;
				PRODUCT_BUNDLE_IDENTIFIER = com.ByteGalleyAR.ARkitCubeTests;
				PRODUCT_NAME = "$(TARGET_NAME)";
				SWIFT_EMIT_LOC_STRINGS = NO;
				SWIFT_VERSION = 5.0;
				TARGETED_DEVICE_FAMILY = "1,2";
				TEST_HOST = "$(BUILT_PRODUCTS_DIR)/ARkitCube.app/$(BUNDLE_EXECUTABLE_FOLDER_PATH)/ARkitCube";
			};
			name = Debug;
		};
		798CE8EC2D8B769C00C3F81F /* Release */ = {
			isa = XCBuildConfiguration;
			buildSettings = {
				BUNDLE_LOADER = "$(TEST_HOST)";
				CODE_SIGN_STYLE = Automatic;
				CURRENT_PROJECT_VERSION = 1;
				GENERATE_INFOPLIST_FILE = YES;
				IPHONEOS_DEPLOYMENT_TARGET = 18.2;
				MARKETING_VERSION = 1.0;
				PRODUCT_BUNDLE_IDENTIFIER = com.ByteGalleyAR.ARkitCubeTests;
				PRODUCT_NAME = "$(TARGET_NAME)";
				SWIFT_EMIT_LOC_STRINGS = NO;
				SWIFT_VERSION = 5.0;
				TARGETED_DEVICE_FAMILY = "1,2";
				TEST_HOST = "$(BUILT_PRODUCTS_DIR)/ARkitCube.app/$(BUNDLE_EXECUTABLE_FOLDER_PATH)/ARkitCube";
			};
			name = Release;
		};
		798CE8EE2D8B769C00C3F81F /* Debug */ = {
			isa = XCBuildConfiguration;
			buildSettings = {
				CODE_SIGN_STYLE = Automatic;
				CURRENT_PROJECT_VERSION = 1;
				GENERATE_INFOPLIST_FILE = YES;
				MARKETING_VERSION = 1.0;
				PRODUCT_BUNDLE_IDENTIFIER = com.ByteGalleyAR.ARkitCubeUITests;
				PRODUCT_NAME = "$(TARGET_NAME)";
				SWIFT_EMIT_LOC_STRINGS = NO;
				SWIFT_VERSION = 5.0;
				TARGETED_DEVICE_FAMILY = "1,2";
				TEST_TARGET_NAME = ARkitCube;
			};
			name = Debug;
		};
		798CE8EF2D8B769C00C3F81F /* Release */ = {
			isa = XCBuildConfiguration;
			buildSettings = {
				CODE_SIGN_STYLE = Automatic;
				CURRENT_PROJECT_VERSION = 1;
				GENERATE_INFOPLIST_FILE = YES;
				MARKETING_VERSION = 1.0;
				PRODUCT_BUNDLE_IDENTIFIER = com.ByteGalleyAR.ARkitCubeUITests;
				PRODUCT_NAME = "$(TARGET_NAME)";
				SWIFT_EMIT_LOC_STRINGS = NO;
				SWIFT_VERSION = 5.0;
				TARGETED_DEVICE_FAMILY = "1,2";
				TEST_TARGET_NAME = ARkitCube;
			};
			name = Release;
		};
/* End XCBuildConfiguration section */

/* Begin XCConfigurationList section */
		798CE8B92D8B769B00C3F81F /* Build configuration list for PBXProject "ARkitCube" */ = {
			isa = XCConfigurationList;
			buildConfigurations = (
				798CE8E52D8B769C00C3F81F /* Debug */,
				798CE8E62D8B769C00C3F81F /* Release */,
			);
			defaultConfigurationIsVisible = 0;
			defaultConfigurationName = Release;
		};
		798CE8E72D8B769C00C3F81F /* Build configuration list for PBXNativeTarget "ARkitCube" */ = {
			isa = XCConfigurationList;
			buildConfigurations = (
				798CE8E82D8B769C00C3F81F /* Debug */,
				798CE8E92D8B769C00C3F81F /* Release */,
			);
			defaultConfigurationIsVisible = 0;
			defaultConfigurationName = Release;
		};
		798CE8EA2D8B769C00C3F81F /* Build configuration list for PBXNativeTarget "ARkitCubeTests" */ = {
			isa = XCConfigurationList;
			buildConfigurations = (
				798CE8EB2D8B769C00C3F81F /* Debug */,
				798CE8EC2D8B769C00C3F81F /* Release */,
			);
			defaultConfigurationIsVisible = 0;
			defaultConfigurationName = Release;
		};
		798CE8ED2D8B769C00C3F81F /* Build configuration list for PBXNativeTarget "ARkitCubeUITests" */ = {
			isa = XCConfigurationList;
			buildConfigurations = (
				798CE8EE2D8B769C00C3F81F /* Debug */,
				798CE8EF2D8B769C00C3F81F /* Release */,
			);
			defaultConfigurationIsVisible = 0;
			defaultConfigurationName = Release;
		};
/* End XCConfigurationList section */
	};
	rootObject = 798CE8B62D8B769B00C3F81F /* Project object */;
}
